
Microsoft Visual Studio Solution File, Format Version 12.00
# Visual Studio Version 17
VisualStudioVersion = 17.5.002.0
MinimumVisualStudioVersion = 10.0.40219.1
Project("{9A19103F-16F7-4668-BE54-9A1E7A4F7556}") = "blogapp", "blogapp.csproj", "{DDD38E0F-8F74-41D7-B886-7749AF3F8146}"
EndProject
Global
	GlobalSection(SolutionConfigurationPlatforms) = preSolution
		Debug|Any CPU = Debug|Any CPU
		Release|Any CPU = Release|Any CPU
	EndGlobalSection
	GlobalSection(ProjectConfigurationPlatforms) = postSolution
		{DDD38E0F-8F74-41D7-B886-7749AF3F8146}.Debug|Any CPU.ActiveCfg = Debug|Any CPU
		{DDD38E0F-8F74-41D7-B886-7749AF3F8146}.Debug|Any CPU.Build.0 = Debug|Any CPU
		{DDD38E0F-8F74-41D7-B886-7749AF3F8146}.Release|Any CPU.ActiveCfg = Release|Any CPU
		{DDD38E0F-8F74-41D7-B886-7749AF3F8146}.Release|Any CPU.Build.0 = Release|Any CPU
	EndGlobalSection
	GlobalSection(SolutionProperties) = preSolution
		HideSolutionNode = FALSE
	EndGlobalSection
	GlobalSection(ExtensibilityGlobals) = postSolution
		SolutionGuid = {03CDD52B-8859-4C30-ADAC-B0F2EF184944}
	EndGlobalSection
EndGlobal
