
Microsoft Visual Studio Solution File, Format Version 12.00
# Visual Studio Version 17
VisualStudioVersion = 17.8.34408.163
MinimumVisualStudioVersion = 10.0.40219.1
Project("{9A19103F-16F7-4668-BE54-9A1E7A4F7556}") = "ToDoAPI", "ToDoAPI\ToDoAPI.csproj", "{9D495947-D13D-4621-A332-39879A14F508}"
EndProject
Project("{FAE04EC0-301F-11D3-BF4B-00C04F79EFBC}") = "Api_Gateway", "Api_Gateway\Api_Gateway.csproj", "{203C1246-7A90-4986-A451-4DE036B6B173}"
EndProject
Global
	GlobalSection(SolutionConfigurationPlatforms) = preSolution
		Debug|Any CPU = Debug|Any CPU
		Release|Any CPU = Release|Any CPU
	EndGlobalSection
	GlobalSection(ProjectConfigurationPlatforms) = postSolution
		{9D495947-D13D-4621-A332-39879A14F508}.Debug|Any CPU.ActiveCfg = Debug|Any CPU
		{9D495947-D13D-4621-A332-39879A14F508}.Debug|Any CPU.Build.0 = Debug|Any CPU
		{9D495947-D13D-4621-A332-39879A14F508}.Release|Any CPU.ActiveCfg = Release|Any CPU
		{9D495947-D13D-4621-A332-39879A14F508}.Release|Any CPU.Build.0 = Release|Any CPU
		{203C1246-7A90-4986-A451-4DE036B6B173}.Debug|Any CPU.ActiveCfg = Debug|Any CPU
		{203C1246-7A90-4986-A451-4DE036B6B173}.Debug|Any CPU.Build.0 = Debug|Any CPU
		{203C1246-7A90-4986-A451-4DE036B6B173}.Release|Any CPU.ActiveCfg = Release|Any CPU
		{203C1246-7A90-4986-A451-4DE036B6B173}.Release|Any CPU.Build.0 = Release|Any CPU
	EndGlobalSection
	GlobalSection(SolutionProperties) = preSolution
		HideSolutionNode = FALSE
	EndGlobalSection
	GlobalSection(ExtensibilityGlobals) = postSolution
		SolutionGuid = {26173F29-8E4B-4E2B-B67C-603BD54C85FC}
	EndGlobalSection
EndGlobal
